
Microsoft Visual Studio Solution File, Format Version 12.00
# Visual Studio Version 17
VisualStudioVersion = 17.0.31903.59
MinimumVisualStudioVersion = 10.0.40219.1
Project("{2150E333-8FDC-42A3-9474-1A3956D46DE8}") = "Plugins", "Plugins", "{07D57EEB-2F50-60C4-C011-FE4FA775C9A8}"
EndProject
Project("{FAE04EC0-301F-11D3-BF4B-00C04F79EFBC}") = "BTCPayServer.Plugins.ShopifyPlugin", "Plugins\BTCPayServer.Plugins.ShopifyPlugin\BTCPayServer.Plugins.ShopifyPlugin.csproj", "{5BF1CEC8-5E4F-47A3-B7FF-F87A458F144F}"
EndProject
Project("{FAE04EC0-301F-11D3-BF4B-00C04F79EFBC}") = "BTCPayServer", "submodules\btcpayserver\BTCPayServer\BTCPayServer.csproj", "{1951AC3E-2838-2566-0FC8-A5E19B690DF9}"
EndProject
Project("{2150E333-8FDC-42A3-9474-1A3956D46DE8}") = "submodules", "submodules", "{02EA681E-C7D8-13C7-8484-4AC65E1B71E8}"
EndProject
Project("{FAE04EC0-301F-11D3-BF4B-00C04F79EFBC}") = "BTCPayServer.Common", "submodules\btcpayserver\BTCPayServer.Common\BTCPayServer.Common.csproj", "{04E63950-9F2A-B30A-0227-9370252FD438}"
EndProject
Project("{FAE04EC0-301F-11D3-BF4B-00C04F79EFBC}") = "BTCPayServer.Data", "submodules\btcpayserver\BTCPayServer.Data\BTCPayServer.Data.csproj", "{B50071CB-27D3-4E3A-FA18-073DEFF1989E}"
EndProject
Project("{FAE04EC0-301F-11D3-BF4B-00C04F79EFBC}") = "BTCPayServer.Abstractions", "submodules\btcpayserver\BTCPayServer.Abstractions\BTCPayServer.Abstractions.csproj", "{36BC813A-4C0C-DA28-0834-A187B639619F}"
EndProject
Project("{FAE04EC0-301F-11D3-BF4B-00C04F79EFBC}") = "BTCPayServer.Client", "submodules\btcpayserver\BTCPayServer.Client\BTCPayServer.Client.csproj", "{8A900ED8-DD0F-D0C3-4A60-BA462F22C181}"
EndProject
Project("{FAE04EC0-301F-11D3-BF4B-00C04F79EFBC}") = "BTCPayServer.Rating", "submodules\btcpayserver\BTCPayServer.Rating\BTCPayServer.Rating.csproj", "{DB213CC9-4075-7CB4-895F-F67A2975D1F1}"
EndProject
Project("{FAE04EC0-301F-11D3-BF4B-00C04F79EFBC}") = "BTCPayServer.Plugins.ShopifyPlugin.Tests", "Plugins\BTCPayServer.Plugins.ShopifyPlugin.Tests\BTCPayServer.Plugins.ShopifyPlugin.Tests.csproj", "{D2725B45-283C-9DE3-B292-7FEC03E5E11F}"
EndProject
Project("{2150E333-8FDC-42A3-9474-1A3956D46DE8}") = "misc", "misc", "{A43332F5-80D1-4C60-9144-89FA3A98ED3E}"
	ProjectSection(SolutionItems) = preProject
		docker-compose.yml = docker-compose.yml
		README.md = README.md
	EndProjectSection
EndProject
Global
	GlobalSection(SolutionConfigurationPlatforms) = preSolution
		Debug|Any CPU = Debug|Any CPU
		Debug|x64 = Debug|x64
		Debug|x86 = Debug|x86
		Release|Any CPU = Release|Any CPU
		Release|x64 = Release|x64
		Release|x86 = Release|x86
	EndGlobalSection
	GlobalSection(ProjectConfigurationPlatforms) = postSolution
		{5BF1CEC8-5E4F-47A3-B7FF-F87A458F144F}.Debug|Any CPU.ActiveCfg = Debug|Any CPU
		{5BF1CEC8-5E4F-47A3-B7FF-F87A458F144F}.Debug|Any CPU.Build.0 = Debug|Any CPU
		{5BF1CEC8-5E4F-47A3-B7FF-F87A458F144F}.Debug|x64.ActiveCfg = Debug|Any CPU
		{5BF1CEC8-5E4F-47A3-B7FF-F87A458F144F}.Debug|x64.Build.0 = Debug|Any CPU
		{5BF1CEC8-5E4F-47A3-B7FF-F87A458F144F}.Debug|x86.ActiveCfg = Debug|Any CPU
		{5BF1CEC8-5E4F-47A3-B7FF-F87A458F144F}.Debug|x86.Build.0 = Debug|Any CPU
		{5BF1CEC8-5E4F-47A3-B7FF-F87A458F144F}.Release|Any CPU.ActiveCfg = Release|Any CPU
		{5BF1CEC8-5E4F-47A3-B7FF-F87A458F144F}.Release|Any CPU.Build.0 = Release|Any CPU
		{5BF1CEC8-5E4F-47A3-B7FF-F87A458F144F}.Release|x64.ActiveCfg = Release|Any CPU
		{5BF1CEC8-5E4F-47A3-B7FF-F87A458F144F}.Release|x64.Build.0 = Release|Any CPU
		{5BF1CEC8-5E4F-47A3-B7FF-F87A458F144F}.Release|x86.ActiveCfg = Release|Any CPU
		{5BF1CEC8-5E4F-47A3-B7FF-F87A458F144F}.Release|x86.Build.0 = Release|Any CPU
		{1951AC3E-2838-2566-0FC8-A5E19B690DF9}.Debug|Any CPU.ActiveCfg = Debug|Any CPU
		{1951AC3E-2838-2566-0FC8-A5E19B690DF9}.Debug|Any CPU.Build.0 = Debug|Any CPU
		{1951AC3E-2838-2566-0FC8-A5E19B690DF9}.Debug|x64.ActiveCfg = Debug|Any CPU
		{1951AC3E-2838-2566-0FC8-A5E19B690DF9}.Debug|x64.Build.0 = Debug|Any CPU
		{1951AC3E-2838-2566-0FC8-A5E19B690DF9}.Debug|x86.ActiveCfg = Debug|Any CPU
		{1951AC3E-2838-2566-0FC8-A5E19B690DF9}.Debug|x86.Build.0 = Debug|Any CPU
		{1951AC3E-2838-2566-0FC8-A5E19B690DF9}.Release|Any CPU.ActiveCfg = Release|Any CPU
		{1951AC3E-2838-2566-0FC8-A5E19B690DF9}.Release|Any CPU.Build.0 = Release|Any CPU
		{1951AC3E-2838-2566-0FC8-A5E19B690DF9}.Release|x64.ActiveCfg = Release|Any CPU
		{1951AC3E-2838-2566-0FC8-A5E19B690DF9}.Release|x64.Build.0 = Release|Any CPU
		{1951AC3E-2838-2566-0FC8-A5E19B690DF9}.Release|x86.ActiveCfg = Release|Any CPU
		{1951AC3E-2838-2566-0FC8-A5E19B690DF9}.Release|x86.Build.0 = Release|Any CPU
		{04E63950-9F2A-B30A-0227-9370252FD438}.Debug|Any CPU.ActiveCfg = Debug|Any CPU
		{04E63950-9F2A-B30A-0227-9370252FD438}.Debug|Any CPU.Build.0 = Debug|Any CPU
		{04E63950-9F2A-B30A-0227-9370252FD438}.Debug|x64.ActiveCfg = Debug|Any CPU
		{04E63950-9F2A-B30A-0227-9370252FD438}.Debug|x64.Build.0 = Debug|Any CPU
		{04E63950-9F2A-B30A-0227-9370252FD438}.Debug|x86.ActiveCfg = Debug|Any CPU
		{04E63950-9F2A-B30A-0227-9370252FD438}.Debug|x86.Build.0 = Debug|Any CPU
		{04E63950-9F2A-B30A-0227-9370252FD438}.Release|Any CPU.ActiveCfg = Release|Any CPU
		{04E63950-9F2A-B30A-0227-9370252FD438}.Release|Any CPU.Build.0 = Release|Any CPU
		{04E63950-9F2A-B30A-0227-9370252FD438}.Release|x64.ActiveCfg = Release|Any CPU
		{04E63950-9F2A-B30A-0227-9370252FD438}.Release|x64.Build.0 = Release|Any CPU
		{04E63950-9F2A-B30A-0227-9370252FD438}.Release|x86.ActiveCfg = Release|Any CPU
		{04E63950-9F2A-B30A-0227-9370252FD438}.Release|x86.Build.0 = Release|Any CPU
		{B50071CB-27D3-4E3A-FA18-073DEFF1989E}.Debug|Any CPU.ActiveCfg = Debug|Any CPU
		{B50071CB-27D3-4E3A-FA18-073DEFF1989E}.Debug|Any CPU.Build.0 = Debug|Any CPU
		{B50071CB-27D3-4E3A-FA18-073DEFF1989E}.Debug|x64.ActiveCfg = Debug|Any CPU
		{B50071CB-27D3-4E3A-FA18-073DEFF1989E}.Debug|x64.Build.0 = Debug|Any CPU
		{B50071CB-27D3-4E3A-FA18-073DEFF1989E}.Debug|x86.ActiveCfg = Debug|Any CPU
		{B50071CB-27D3-4E3A-FA18-073DEFF1989E}.Debug|x86.Build.0 = Debug|Any CPU
		{B50071CB-27D3-4E3A-FA18-073DEFF1989E}.Release|Any CPU.ActiveCfg = Release|Any CPU
		{B50071CB-27D3-4E3A-FA18-073DEFF1989E}.Release|Any CPU.Build.0 = Release|Any CPU
		{B50071CB-27D3-4E3A-FA18-073DEFF1989E}.Release|x64.ActiveCfg = Release|Any CPU
		{B50071CB-27D3-4E3A-FA18-073DEFF1989E}.Release|x64.Build.0 = Release|Any CPU
		{B50071CB-27D3-4E3A-FA18-073DEFF1989E}.Release|x86.ActiveCfg = Release|Any CPU
		{B50071CB-27D3-4E3A-FA18-073DEFF1989E}.Release|x86.Build.0 = Release|Any CPU
		{36BC813A-4C0C-DA28-0834-A187B639619F}.Debug|Any CPU.ActiveCfg = Debug|Any CPU
		{36BC813A-4C0C-DA28-0834-A187B639619F}.Debug|Any CPU.Build.0 = Debug|Any CPU
		{36BC813A-4C0C-DA28-0834-A187B639619F}.Debug|x64.ActiveCfg = Debug|Any CPU
		{36BC813A-4C0C-DA28-0834-A187B639619F}.Debug|x64.Build.0 = Debug|Any CPU
		{36BC813A-4C0C-DA28-0834-A187B639619F}.Debug|x86.ActiveCfg = Debug|Any CPU
		{36BC813A-4C0C-DA28-0834-A187B639619F}.Debug|x86.Build.0 = Debug|Any CPU
		{36BC813A-4C0C-DA28-0834-A187B639619F}.Release|Any CPU.ActiveCfg = Release|Any CPU
		{36BC813A-4C0C-DA28-0834-A187B639619F}.Release|Any CPU.Build.0 = Release|Any CPU
		{36BC813A-4C0C-DA28-0834-A187B639619F}.Release|x64.ActiveCfg = Release|Any CPU
		{36BC813A-4C0C-DA28-0834-A187B639619F}.Release|x64.Build.0 = Release|Any CPU
		{36BC813A-4C0C-DA28-0834-A187B639619F}.Release|x86.ActiveCfg = Release|Any CPU
		{36BC813A-4C0C-DA28-0834-A187B639619F}.Release|x86.Build.0 = Release|Any CPU
		{8A900ED8-DD0F-D0C3-4A60-BA462F22C181}.Debug|Any CPU.ActiveCfg = Debug|Any CPU
		{8A900ED8-DD0F-D0C3-4A60-BA462F22C181}.Debug|Any CPU.Build.0 = Debug|Any CPU
		{8A900ED8-DD0F-D0C3-4A60-BA462F22C181}.Debug|x64.ActiveCfg = Debug|Any CPU
		{8A900ED8-DD0F-D0C3-4A60-BA462F22C181}.Debug|x64.Build.0 = Debug|Any CPU
		{8A900ED8-DD0F-D0C3-4A60-BA462F22C181}.Debug|x86.ActiveCfg = Debug|Any CPU
		{8A900ED8-DD0F-D0C3-4A60-BA462F22C181}.Debug|x86.Build.0 = Debug|Any CPU
		{8A900ED8-DD0F-D0C3-4A60-BA462F22C181}.Release|Any CPU.ActiveCfg = Release|Any CPU
		{8A900ED8-DD0F-D0C3-4A60-BA462F22C181}.Release|Any CPU.Build.0 = Release|Any CPU
		{8A900ED8-DD0F-D0C3-4A60-BA462F22C181}.Release|x64.ActiveCfg = Release|Any CPU
		{8A900ED8-DD0F-D0C3-4A60-BA462F22C181}.Release|x64.Build.0 = Release|Any CPU
		{8A900ED8-DD0F-D0C3-4A60-BA462F22C181}.Release|x86.ActiveCfg = Release|Any CPU
		{8A900ED8-DD0F-D0C3-4A60-BA462F22C181}.Release|x86.Build.0 = Release|Any CPU
		{DB213CC9-4075-7CB4-895F-F67A2975D1F1}.Debug|Any CPU.ActiveCfg = Debug|Any CPU
		{DB213CC9-4075-7CB4-895F-F67A2975D1F1}.Debug|Any CPU.Build.0 = Debug|Any CPU
		{DB213CC9-4075-7CB4-895F-F67A2975D1F1}.Debug|x64.ActiveCfg = Debug|Any CPU
		{DB213CC9-4075-7CB4-895F-F67A2975D1F1}.Debug|x64.Build.0 = Debug|Any CPU
		{DB213CC9-4075-7CB4-895F-F67A2975D1F1}.Debug|x86.ActiveCfg = Debug|Any CPU
		{DB213CC9-4075-7CB4-895F-F67A2975D1F1}.Debug|x86.Build.0 = Debug|Any CPU
		{DB213CC9-4075-7CB4-895F-F67A2975D1F1}.Release|Any CPU.ActiveCfg = Release|Any CPU
		{DB213CC9-4075-7CB4-895F-F67A2975D1F1}.Release|Any CPU.Build.0 = Release|Any CPU
		{DB213CC9-4075-7CB4-895F-F67A2975D1F1}.Release|x64.ActiveCfg = Release|Any CPU
		{DB213CC9-4075-7CB4-895F-F67A2975D1F1}.Release|x64.Build.0 = Release|Any CPU
		{DB213CC9-4075-7CB4-895F-F67A2975D1F1}.Release|x86.ActiveCfg = Release|Any CPU
		{DB213CC9-4075-7CB4-895F-F67A2975D1F1}.Release|x86.Build.0 = Release|Any CPU
		{D2725B45-283C-9DE3-B292-7FEC03E5E11F}.Debug|Any CPU.ActiveCfg = Debug|Any CPU
		{D2725B45-283C-9DE3-B292-7FEC03E5E11F}.Debug|Any CPU.Build.0 = Debug|Any CPU
		{D2725B45-283C-9DE3-B292-7FEC03E5E11F}.Debug|x64.ActiveCfg = Debug|Any CPU
		{D2725B45-283C-9DE3-B292-7FEC03E5E11F}.Debug|x64.Build.0 = Debug|Any CPU
		{D2725B45-283C-9DE3-B292-7FEC03E5E11F}.Debug|x86.ActiveCfg = Debug|Any CPU
		{D2725B45-283C-9DE3-B292-7FEC03E5E11F}.Debug|x86.Build.0 = Debug|Any CPU
		{D2725B45-283C-9DE3-B292-7FEC03E5E11F}.Release|Any CPU.ActiveCfg = Release|Any CPU
		{D2725B45-283C-9DE3-B292-7FEC03E5E11F}.Release|Any CPU.Build.0 = Release|Any CPU
		{D2725B45-283C-9DE3-B292-7FEC03E5E11F}.Release|x64.ActiveCfg = Release|Any CPU
		{D2725B45-283C-9DE3-B292-7FEC03E5E11F}.Release|x64.Build.0 = Release|Any CPU
		{D2725B45-283C-9DE3-B292-7FEC03E5E11F}.Release|x86.ActiveCfg = Release|Any CPU
		{D2725B45-283C-9DE3-B292-7FEC03E5E11F}.Release|x86.Build.0 = Release|Any CPU
	EndGlobalSection
	GlobalSection(SolutionProperties) = preSolution
		HideSolutionNode = FALSE
	EndGlobalSection
	GlobalSection(NestedProjects) = preSolution
		{5BF1CEC8-5E4F-47A3-B7FF-F87A458F144F} = {07D57EEB-2F50-60C4-C011-FE4FA775C9A8}
		{1951AC3E-2838-2566-0FC8-A5E19B690DF9} = {02EA681E-C7D8-13C7-8484-4AC65E1B71E8}
		{04E63950-9F2A-B30A-0227-9370252FD438} = {02EA681E-C7D8-13C7-8484-4AC65E1B71E8}
		{B50071CB-27D3-4E3A-FA18-073DEFF1989E} = {02EA681E-C7D8-13C7-8484-4AC65E1B71E8}
		{36BC813A-4C0C-DA28-0834-A187B639619F} = {02EA681E-C7D8-13C7-8484-4AC65E1B71E8}
		{8A900ED8-DD0F-D0C3-4A60-BA462F22C181} = {02EA681E-C7D8-13C7-8484-4AC65E1B71E8}
		{DB213CC9-4075-7CB4-895F-F67A2975D1F1} = {02EA681E-C7D8-13C7-8484-4AC65E1B71E8}
		{D2725B45-283C-9DE3-B292-7FEC03E5E11F} = {07D57EEB-2F50-60C4-C011-FE4FA775C9A8}
	EndGlobalSection
	GlobalSection(ExtensibilityGlobals) = postSolution
		SolutionGuid = {445D4B89-357F-4B3D-BA2B-1A8E9B4154B8}
	EndGlobalSection
EndGlobal
